# THIS IS AN AUTOGENERATED FILE. DO NOT EDIT THIS FILE DIRECTLY.
# yarn lockfile v1


"@actions/core@^1.2.0":
  version "1.2.1"
  resolved "https://registry.yarnpkg.com/@actions/core/-/core-1.2.1.tgz#867e92da94d80f743e6e0503c668af832465080a"
  integrity sha512-xD+CQd9p4lU7ZfRqmUcbJpqR+Ss51rJRVeXMyOLrZQImN9/8Sy/BEUBnHO/UKD3z03R686PVTLfEPmkropGuLw==

"@types/node@^12.0.4":
  version "12.12.24"
  resolved "https://registry.yarnpkg.com/@types/node/-/node-12.12.24.tgz#d4606afd8cf6c609036b854360367d1b2c78931f"
  integrity sha512-1Ciqv9pqwVtW6FsIUKSZNB82E5Cu1I2bBTj1xuIHXLe/1zYLl3956Nbhg2MzSYHVfl9/rmanjbQIb7LibfCnug==

"@zeit/ncc@^0.20.5":
  version "0.20.5"
  resolved "https://registry.yarnpkg.com/@zeit/ncc/-/ncc-0.20.5.tgz#a41af6e6bcab4a58f4612bae6137f70bce0192e3"
  integrity sha512-XU6uzwvv95DqxciQx+aOLhbyBx/13ky+RK1y88Age9Du3BlA4mMPCy13BGjayOrrumOzlq1XV3SD/BWiZENXlw==

prettier@1.19.1:
  version "1.19.1"
  resolved "https://registry.yarnpkg.com/prettier/-/prettier-1.19.1.tgz#f7d7f5ff8a9cd872a7be4ca142095956a60797cb"
  integrity sha512-s7PoyDv/II1ObgQunCbB9PdLmUcBZcnWOcxDh7O0N/UwDEsHyqkW+Qh28jW+mVuCdx7gLB0BotYI1Y6uI9iyew==

typescript@^3.5.1:
  version "3.7.4"
  resolved "https://registry.yarnpkg.com/typescript/-/typescript-3.7.4.tgz#1743a5ec5fef6a1fa9f3e4708e33c81c73876c19"
  integrity sha512-A25xv5XCtarLwXpcDNZzCGvW2D1S3/bACratYBx2sax8PefsFhlYmkQicKHvpYflFS8if4zne5zT5kpJ7pzuvw==
